
Microsoft Visual Studio Solution File, Format Version 12.00
# Visual Studio Version 16
VisualStudioVersion = 25.0.1703.8
MinimumVisualStudioVersion = 10.0.40219.1
Project("{FAE04EC0-301F-11D3-BF4B-00C04F79EFBC}") = "SectionD", "SectionD\SectionD.csproj", "{5B29D9C3-9838-4619-A1B2-D477121A06C5}"
EndProject
Global
	GlobalSection(SolutionConfigurationPlatforms) = preSolution
		Debug|Any CPU = Debug|Any CPU
		Release|Any CPU = Release|Any CPU
	EndGlobalSection
	GlobalSection(ProjectConfigurationPlatforms) = postSolution
		{5B29D9C3-9838-4619-A1B2-D477121A06C5}.Debug|Any CPU.ActiveCfg = Debug|Any CPU
		{5B29D9C3-9838-4619-A1B2-D477121A06C5}.Debug|Any CPU.Build.0 = Debug|Any CPU
		{5B29D9C3-9838-4619-A1B2-D477121A06C5}.Release|Any CPU.ActiveCfg = Release|Any CPU
		{5B29D9C3-9838-4619-A1B2-D477121A06C5}.Release|Any CPU.Build.0 = Release|Any CPU
	EndGlobalSection
	GlobalSection(SolutionProperties) = preSolution
		HideSolutionNode = FALSE
	EndGlobalSection
	GlobalSection(ExtensibilityGlobals) = postSolution
		SolutionGuid = {5FA85BA0-DA6E-4AEF-810F-9070CE9BBD22}
	EndGlobalSection
EndGlobal
